
Microsoft Visual Studio Solution File, Format Version 12.00
# Visual Studio Version 16
VisualStudioVersion = 16.0.28803.452
MinimumVisualStudioVersion = 10.0.40219.1
Project("{FAE04EC0-301F-11D3-BF4B-00C04F79EFBC}") = "VSCView", "VSCView\VSCView.csproj", "{E513702D-EF79-4766-AD9D-C2382BD0CEAD}"
EndProject
Project("{FAE04EC0-301F-11D3-BF4B-00C04F79EFBC}") = "ThemeFixer", "ThemeFixer\ThemeFixer.csproj", "{FB709B19-87C4-4A37-BCF2-975D24B76AF0}"
EndProject
Global
	GlobalSection(SolutionConfigurationPlatforms) = preSolution
		Debug|Any CPU = Debug|Any CPU
		Release|Any CPU = Release|Any CPU
	EndGlobalSection
	GlobalSection(ProjectConfigurationPlatforms) = postSolution
		{E513702D-EF79-4766-AD9D-C2382BD0CEAD}.Debug|Any CPU.ActiveCfg = Debug|Any CPU
		{E513702D-EF79-4766-AD9D-C2382BD0CEAD}.Debug|Any CPU.Build.0 = Debug|Any CPU
		{E513702D-EF79-4766-AD9D-C2382BD0CEAD}.Release|Any CPU.ActiveCfg = Release|Any CPU
		{E513702D-EF79-4766-AD9D-C2382BD0CEAD}.Release|Any CPU.Build.0 = Release|Any CPU
		{FB709B19-87C4-4A37-BCF2-975D24B76AF0}.Debug|Any CPU.ActiveCfg = Debug|Any CPU
		{FB709B19-87C4-4A37-BCF2-975D24B76AF0}.Debug|Any CPU.Build.0 = Debug|Any CPU
		{FB709B19-87C4-4A37-BCF2-975D24B76AF0}.Release|Any CPU.ActiveCfg = Release|Any CPU
		{FB709B19-87C4-4A37-BCF2-975D24B76AF0}.Release|Any CPU.Build.0 = Release|Any CPU
	EndGlobalSection
	GlobalSection(SolutionProperties) = preSolution
		HideSolutionNode = FALSE
	EndGlobalSection
	GlobalSection(ExtensibilityGlobals) = postSolution
		SolutionGuid = {DC3B117E-47DB-4553-8101-4ECBC70B1A48}
	EndGlobalSection
EndGlobal
