
Microsoft Visual Studio Solution File, Format Version 12.00
# Visual Studio 15
VisualStudioVersion = 15.0.26730.16
MinimumVisualStudioVersion = 10.0.40219.1
Project("{FAE04EC0-301F-11D3-BF4B-00C04F79EFBC}") = "VSCView", "VSCView\VSCView.csproj", "{E513702D-EF79-4766-AD9D-C2382BD0CEAD}"
EndProject
Global
	GlobalSection(SolutionConfigurationPlatforms) = preSolution
		Debug|Any CPU = Debug|Any CPU
		Release|Any CPU = Release|Any CPU
	EndGlobalSection
	GlobalSection(ProjectConfigurationPlatforms) = postSolution
		{E513702D-EF79-4766-AD9D-C2382BD0CEAD}.Debug|Any CPU.ActiveCfg = Debug|Any CPU
		{E513702D-EF79-4766-AD9D-C2382BD0CEAD}.Debug|Any CPU.Build.0 = Debug|Any CPU
		{E513702D-EF79-4766-AD9D-C2382BD0CEAD}.Release|Any CPU.ActiveCfg = Release|Any CPU
		{E513702D-EF79-4766-AD9D-C2382BD0CEAD}.Release|Any CPU.Build.0 = Release|Any CPU
	EndGlobalSection
	GlobalSection(SolutionProperties) = preSolution
		HideSolutionNode = FALSE
	EndGlobalSection
	GlobalSection(ExtensibilityGlobals) = postSolution
		SolutionGuid = {DC3B117E-47DB-4553-8101-4ECBC70B1A48}
	EndGlobalSection
EndGlobal
